
Microsoft Visual Studio Solution File, Format Version 12.00
# Visual Studio Version 16
VisualStudioVersion = 16.0.30309.148
MinimumVisualStudioVersion = 10.0.40219.1
Project("{FAE04EC0-301F-11D3-BF4B-00C04F79EFBC}") = "BXFremoveVertigo", "BXFremoveVertigo\BXFremoveVertigo.csproj", "{BB2BF94D-B32E-4580-BA78-32FF458A3E31}"
EndProject
Global
	GlobalSection(SolutionConfigurationPlatforms) = preSolution
		Debug|Any CPU = Debug|Any CPU
		Release|Any CPU = Release|Any CPU
	EndGlobalSection
	GlobalSection(ProjectConfigurationPlatforms) = postSolution
		{BB2BF94D-B32E-4580-BA78-32FF458A3E31}.Debug|Any CPU.ActiveCfg = Debug|Any CPU
		{BB2BF94D-B32E-4580-BA78-32FF458A3E31}.Debug|Any CPU.Build.0 = Debug|Any CPU
		{BB2BF94D-B32E-4580-BA78-32FF458A3E31}.Release|Any CPU.ActiveCfg = Release|Any CPU
		{BB2BF94D-B32E-4580-BA78-32FF458A3E31}.Release|Any CPU.Build.0 = Release|Any CPU
	EndGlobalSection
	GlobalSection(SolutionProperties) = preSolution
		HideSolutionNode = FALSE
	EndGlobalSection
	GlobalSection(ExtensibilityGlobals) = postSolution
		SolutionGuid = {64904203-6C20-4D3B-9B1E-0EE1FEFDB436}
	EndGlobalSection
EndGlobal
